
Microsoft Visual Studio Solution File, Format Version 12.00
# Visual Studio Version 17
VisualStudioVersion = 17.11.35219.272
MinimumVisualStudioVersion = 10.0.40219.1
Project("{888888A0-9F3D-457C-B088-3A5042F75D52}") = "Testing_Legacy_Program", "Testing_Legacy_Program\Testing_Legacy_Program.pyproj", "{A5EC5558-0B60-4142-8704-58BB880752F6}"
EndProject
Global
	GlobalSection(SolutionConfigurationPlatforms) = preSolution
		Debug|Any CPU = Debug|Any CPU
		Release|Any CPU = Release|Any CPU
	EndGlobalSection
	GlobalSection(ProjectConfigurationPlatforms) = postSolution
		{A5EC5558-0B60-4142-8704-58BB880752F6}.Debug|Any CPU.ActiveCfg = Debug|Any CPU
		{A5EC5558-0B60-4142-8704-58BB880752F6}.Release|Any CPU.ActiveCfg = Release|Any CPU
	EndGlobalSection
	GlobalSection(SolutionProperties) = preSolution
		HideSolutionNode = FALSE
	EndGlobalSection
	GlobalSection(ExtensibilityGlobals) = postSolution
		SolutionGuid = {D061884B-51C0-4702-9DD5-5FF6F89B3896}
	EndGlobalSection
EndGlobal
